// !$*UTF8*$!
{
	archiveVersion = 1;
	classes = {
	};
	objectVersion = 56;
	objects = {

/* Begin PBXBuildFile section */
		2B02F4822AE680B900B20013 /* DraggableRectangleLayer.swift in Sources */ = {isa = PBXBuildFile; fileRef = 2B02F4802AE680B900B20013 /* DraggableRectangleLayer.swift */; };
		2B02F48B2AE6B31900B20013 /* AppDelegate.swift in Sources */ = {isa = PBXBuildFile; fileRef = 2B02F48A2AE6B31900B20013 /* AppDelegate.swift */; };
		2B64E41F2AF00645002B664C /* CustomCameraView.swift in Sources */ = {isa = PBXBuildFile; fileRef = 2B64E41E2AF00645002B664C /* CustomCameraView.swift */; };
		2B64E4212AF00670002B664C /* CameraService.swift in Sources */ = {isa = PBXBuildFile; fileRef = 2B64E4202AF00670002B664C /* CameraService.swift */; };
		2B8540E22AD96987007BD34D /* ButtonModifier.swift in Sources */ = {isa = PBXBuildFile; fileRef = 2B8540E12AD96987007BD34D /* ButtonModifier.swift */; };
		2B9AC7402AD6DE110084F1AB /* VolleyStatsApp.swift in Sources */ = {isa = PBXBuildFile; fileRef = 2B9AC73F2AD6DE110084F1AB /* VolleyStatsApp.swift */; };
		2B9AC7422AD6DE110084F1AB /* ContentView.swift in Sources */ = {isa = PBXBuildFile; fileRef = 2B9AC7412AD6DE110084F1AB /* ContentView.swift */; };
		2B9AC7442AD6DE120084F1AB /* Assets.xcassets in Resources */ = {isa = PBXBuildFile; fileRef = 2B9AC7432AD6DE120084F1AB /* Assets.xcassets */; };
		2B9AC7472AD6DE120084F1AB /* Preview Assets.xcassets in Resources */ = {isa = PBXBuildFile; fileRef = 2B9AC7462AD6DE120084F1AB /* Preview Assets.xcassets */; };
		2B9AC74F2AD6E0500084F1AB /* SplashScreen.swift in Sources */ = {isa = PBXBuildFile; fileRef = 2B9AC74E2AD6E0500084F1AB /* SplashScreen.swift */; };
		2B9AC7512AD6F6C10084F1AB /* HomeView.swift in Sources */ = {isa = PBXBuildFile; fileRef = 2B9AC7502AD6F6C10084F1AB /* HomeView.swift */; };
		2B9AC7542AD70A0E0084F1AB /* PositionInstruction.swift in Sources */ = {isa = PBXBuildFile; fileRef = 2B9AC7532AD70A0E0084F1AB /* PositionInstruction.swift */; };
/* End PBXBuildFile section */

/* Begin PBXFileReference section */
		2B02F4802AE680B900B20013 /* DraggableRectangleLayer.swift */ = {isa = PBXFileReference; fileEncoding = 4; lastKnownFileType = sourcecode.swift; path = DraggableRectangleLayer.swift; sourceTree = "<group>"; };
		2B02F48A2AE6B31900B20013 /* AppDelegate.swift */ = {isa = PBXFileReference; lastKnownFileType = sourcecode.swift; path = AppDelegate.swift; sourceTree = "<group>"; };
		2B64E41E2AF00645002B664C /* CustomCameraView.swift */ = {isa = PBXFileReference; lastKnownFileType = sourcecode.swift; path = CustomCameraView.swift; sourceTree = "<group>"; };
		2B64E4202AF00670002B664C /* CameraService.swift */ = {isa = PBXFileReference; lastKnownFileType = sourcecode.swift; path = CameraService.swift; sourceTree = "<group>"; };
		2B8540E12AD96987007BD34D /* ButtonModifier.swift */ = {isa = PBXFileReference; lastKnownFileType = sourcecode.swift; path = ButtonModifier.swift; sourceTree = "<group>"; };
		2B9AC73C2AD6DE110084F1AB /* VolleyStats.app */ = {isa = PBXFileReference; explicitFileType = wrapper.application; includeInIndex = 0; path = VolleyStats.app; sourceTree = BUILT_PRODUCTS_DIR; };
		2B9AC73F2AD6DE110084F1AB /* VolleyStatsApp.swift */ = {isa = PBXFileReference; lastKnownFileType = sourcecode.swift; path = VolleyStatsApp.swift; sourceTree = "<group>"; };
		2B9AC7412AD6DE110084F1AB /* ContentView.swift */ = {isa = PBXFileReference; lastKnownFileType = sourcecode.swift; path = ContentView.swift; sourceTree = "<group>"; };
		2B9AC7432AD6DE120084F1AB /* Assets.xcassets */ = {isa = PBXFileReference; lastKnownFileType = folder.assetcatalog; path = Assets.xcassets; sourceTree = "<group>"; };
		2B9AC7462AD6DE120084F1AB /* Preview Assets.xcassets */ = {isa = PBXFileReference; lastKnownFileType = folder.assetcatalog; path = "Preview Assets.xcassets"; sourceTree = "<group>"; };
		2B9AC74E2AD6E0500084F1AB /* SplashScreen.swift */ = {isa = PBXFileReference; lastKnownFileType = sourcecode.swift; path = SplashScreen.swift; sourceTree = "<group>"; };
		2B9AC7502AD6F6C10084F1AB /* HomeView.swift */ = {isa = PBXFileReference; lastKnownFileType = sourcecode.swift; path = HomeView.swift; sourceTree = "<group>"; };
		2B9AC7532AD70A0E0084F1AB /* PositionInstruction.swift */ = {isa = PBXFileReference; lastKnownFileType = sourcecode.swift; path = PositionInstruction.swift; sourceTree = "<group>"; };
/* End PBXFileReference section */

/* Begin PBXFrameworksBuildPhase section */
		2B9AC7392AD6DE110084F1AB /* Frameworks */ = {
			isa = PBXFrameworksBuildPhase;
			buildActionMask = 2147483647;
			files = (
			);
			runOnlyForDeploymentPostprocessing = 0;
		};
/* End PBXFrameworksBuildPhase section */

/* Begin PBXGroup section */
		2B02F4842AE680DB00B20013 /* Utils */ = {
			isa = PBXGroup;
			children = (
				2B02F4802AE680B900B20013 /* DraggableRectangleLayer.swift */,
				2B02F48A2AE6B31900B20013 /* AppDelegate.swift */,
			);
			path = Utils;
			sourceTree = "<group>";
		};
		2B64E4222AF00A05002B664C /* Services */ = {
			isa = PBXGroup;
			children = (
				2B64E4202AF00670002B664C /* CameraService.swift */,
			);
			path = Services;
			sourceTree = "<group>";
		};
		2B8540E02AD96930007BD34D /* Modifiers */ = {
			isa = PBXGroup;
			children = (
				2B8540E12AD96987007BD34D /* ButtonModifier.swift */,
			);
			path = Modifiers;
			sourceTree = "<group>";
		};
		2B9AC7332AD6DE110084F1AB = {
			isa = PBXGroup;
			children = (
				2B9AC73E2AD6DE110084F1AB /* VolleyStats */,
				2B9AC73D2AD6DE110084F1AB /* Products */,
			);
			sourceTree = "<group>";
		};
		2B9AC73D2AD6DE110084F1AB /* Products */ = {
			isa = PBXGroup;
			children = (
				2B9AC73C2AD6DE110084F1AB /* VolleyStats.app */,
			);
			name = Products;
			sourceTree = "<group>";
		};
		2B9AC73E2AD6DE110084F1AB /* VolleyStats */ = {
			isa = PBXGroup;
			children = (
				2B64E4222AF00A05002B664C /* Services */,
				2B02F4842AE680DB00B20013 /* Utils */,
				2B8540E02AD96930007BD34D /* Modifiers */,
				2B9AC74D2AD6E0440084F1AB /* Views */,
				2B9AC73F2AD6DE110084F1AB /* VolleyStatsApp.swift */,
				2B9AC7412AD6DE110084F1AB /* ContentView.swift */,
				2B9AC7432AD6DE120084F1AB /* Assets.xcassets */,
				2B9AC7452AD6DE120084F1AB /* Preview Content */,
			);
			path = VolleyStats;
			sourceTree = "<group>";
		};
		2B9AC7452AD6DE120084F1AB /* Preview Content */ = {
			isa = PBXGroup;
			children = (
				2B9AC7462AD6DE120084F1AB /* Preview Assets.xcassets */,
			);
			path = "Preview Content";
			sourceTree = "<group>";
		};
		2B9AC74D2AD6E0440084F1AB /* Views */ = {
			isa = PBXGroup;
			children = (
				2B9AC7522AD709FB0084F1AB /* instructions */,
				2B9AC74E2AD6E0500084F1AB /* SplashScreen.swift */,
				2B9AC7502AD6F6C10084F1AB /* HomeView.swift */,
				2B64E41E2AF00645002B664C /* CustomCameraView.swift */,
			);
			path = Views;
			sourceTree = "<group>";
		};
		2B9AC7522AD709FB0084F1AB /* instructions */ = {
			isa = PBXGroup;
			children = (
				2B9AC7532AD70A0E0084F1AB /* PositionInstruction.swift */,
			);
			path = instructions;
			sourceTree = "<group>";
		};
/* End PBXGroup section */

/* Begin PBXNativeTarget section */
		2B9AC73B2AD6DE110084F1AB /* VolleyStats */ = {
			isa = PBXNativeTarget;
			buildConfigurationList = 2B9AC74A2AD6DE120084F1AB /* Build configuration list for PBXNativeTarget "VolleyStats" */;
			buildPhases = (
				2B9AC7382AD6DE110084F1AB /* Sources */,
				2B9AC7392AD6DE110084F1AB /* Frameworks */,
				2B9AC73A2AD6DE110084F1AB /* Resources */,
			);
			buildRules = (
			);
			dependencies = (
			);
			name = VolleyStats;
			productName = VolleyStats;
			productReference = 2B9AC73C2AD6DE110084F1AB /* VolleyStats.app */;
			productType = "com.apple.product-type.application";
		};
/* End PBXNativeTarget section */

/* Begin PBXProject section */
		2B9AC7342AD6DE110084F1AB /* Project object */ = {
			isa = PBXProject;
			attributes = {
				BuildIndependentTargetsInParallel = 1;
				LastSwiftUpdateCheck = 1500;
				LastUpgradeCheck = 1500;
				TargetAttributes = {
					2B9AC73B2AD6DE110084F1AB = {
						CreatedOnToolsVersion = 15.0;
					};
				};
			};
			buildConfigurationList = 2B9AC7372AD6DE110084F1AB /* Build configuration list for PBXProject "VolleyStats" */;
			compatibilityVersion = "Xcode 14.0";
			developmentRegion = en;
			hasScannedForEncodings = 0;
			knownRegions = (
				en,
				Base,
			);
			mainGroup = 2B9AC7332AD6DE110084F1AB;
			productRefGroup = 2B9AC73D2AD6DE110084F1AB /* Products */;
			projectDirPath = "";
			projectRoot = "";
			targets = (
				2B9AC73B2AD6DE110084F1AB /* VolleyStats */,
			);
		};
/* End PBXProject section */

/* Begin PBXResourcesBuildPhase section */
		2B9AC73A2AD6DE110084F1AB /* Resources */ = {
			isa = PBXResourcesBuildPhase;
			buildActionMask = 2147483647;
			files = (
				2B9AC7472AD6DE120084F1AB /* Preview Assets.xcassets in Resources */,
				2B9AC7442AD6DE120084F1AB /* Assets.xcassets in Resources */,
			);
			runOnlyForDeploymentPostprocessing = 0;
		};
/* End PBXResourcesBuildPhase section */

/* Begin PBXSourcesBuildPhase section */
		2B9AC7382AD6DE110084F1AB /* Sources */ = {
			isa = PBXSourcesBuildPhase;
			buildActionMask = 2147483647;
			files = (
				2B64E4212AF00670002B664C /* CameraService.swift in Sources */,
				2B8540E22AD96987007BD34D /* ButtonModifier.swift in Sources */,
				2B64E41F2AF00645002B664C /* CustomCameraView.swift in Sources */,
				2B9AC74F2AD6E0500084F1AB /* SplashScreen.swift in Sources */,
				2B9AC7512AD6F6C10084F1AB /* HomeView.swift in Sources */,
				2B9AC7422AD6DE110084F1AB /* ContentView.swift in Sources */,
				2B9AC7402AD6DE110084F1AB /* VolleyStatsApp.swift in Sources */,
				2B02F4822AE680B900B20013 /* DraggableRectangleLayer.swift in Sources */,
				2B9AC7542AD70A0E0084F1AB /* PositionInstruction.swift in Sources */,
				2B02F48B2AE6B31900B20013 /* AppDelegate.swift in Sources */,
			);
			runOnlyForDeploymentPostprocessing = 0;
		};
/* End PBXSourcesBuildPhase section */

/* Begin XCBuildConfiguration section */
		2B9AC7482AD6DE120084F1AB /* Debug */ = {
			isa = XCBuildConfiguration;
			buildSettings = {
				ALWAYS_SEARCH_USER_PATHS = NO;
				ASSETCATALOG_COMPILER_GENERATE_SWIFT_ASSET_SYMBOL_EXTENSIONS = YES;
				CLANG_ANALYZER_NONNULL = YES;
				CLANG_ANALYZER_NUMBER_OBJECT_CONVERSION = YES_AGGRESSIVE;
				CLANG_CXX_LANGUAGE_STANDARD = "gnu++20";
				CLANG_ENABLE_MODULES = YES;
				CLANG_ENABLE_OBJC_ARC = YES;
				CLANG_ENABLE_OBJC_WEAK = YES;
				CLANG_WARN_BLOCK_CAPTURE_AUTORELEASING = YES;
				CLANG_WARN_BOOL_CONVERSION = YES;
				CLANG_WARN_COMMA = YES;
				CLANG_WARN_CONSTANT_CONVERSION = YES;
				CLANG_WARN_DEPRECATED_OBJC_IMPLEMENTATIONS = YES;
				CLANG_WARN_DIRECT_OBJC_ISA_USAGE = YES_ERROR;
				CLANG_WARN_DOCUMENTATION_COMMENTS = YES;
				CLANG_WARN_EMPTY_BODY = YES;
				CLANG_WARN_ENUM_CONVERSION = YES;
				CLANG_WARN_INFINITE_RECURSION = YES;
				CLANG_WARN_INT_CONVERSION = YES;
				CLANG_WARN_NON_LITERAL_NULL_CONVERSION = YES;
				CLANG_WARN_OBJC_IMPLICIT_RETAIN_SELF = YES;
				CLANG_WARN_OBJC_LITERAL_CONVERSION = YES;
				CLANG_WARN_OBJC_ROOT_CLASS = YES_ERROR;
				CLANG_WARN_QUOTED_INCLUDE_IN_FRAMEWORK_HEADER = YES;
				CLANG_WARN_RANGE_LOOP_ANALYSIS = YES;
				CLANG_WARN_STRICT_PROTOTYPES = YES;
				CLANG_WARN_SUSPICIOUS_MOVE = YES;
				CLANG_WARN_UNGUARDED_AVAILABILITY = YES_AGGRESSIVE;
				CLANG_WARN_UNREACHABLE_CODE = YES;
				CLANG_WARN__DUPLICATE_METHOD_MATCH = YES;
				COPY_PHASE_STRIP = NO;
				DEBUG_INFORMATION_FORMAT = dwarf;
				ENABLE_STRICT_OBJC_MSGSEND = YES;
				ENABLE_TESTABILITY = YES;
				ENABLE_USER_SCRIPT_SANDBOXING = YES;
				GCC_C_LANGUAGE_STANDARD = gnu17;
				GCC_DYNAMIC_NO_PIC = NO;
				GCC_NO_COMMON_BLOCKS = YES;
				GCC_OPTIMIZATION_LEVEL = 0;
				GCC_PREPROCESSOR_DEFINITIONS = (
					"DEBUG=1",
					"$(inherited)",
				);
				GCC_WARN_64_TO_32_BIT_CONVERSION = YES;
				GCC_WARN_ABOUT_RETURN_TYPE = YES_ERROR;
				GCC_WARN_UNDECLARED_SELECTOR = YES;
				GCC_WARN_UNINITIALIZED_AUTOS = YES_AGGRESSIVE;
				GCC_WARN_UNUSED_FUNCTION = YES;
				GCC_WARN_UNUSED_VARIABLE = YES;
				IPHONEOS_DEPLOYMENT_TARGET = 17.0;
				LOCALIZATION_PREFERS_STRING_CATALOGS = YES;
				MTL_ENABLE_DEBUG_INFO = INCLUDE_SOURCE;
				MTL_FAST_MATH = YES;
				ONLY_ACTIVE_ARCH = YES;
				SDKROOT = iphoneos;
				SWIFT_ACTIVE_COMPILATION_CONDITIONS = "DEBUG $(inherited)";
				SWIFT_OPTIMIZATION_LEVEL = "-Onone";
			};
			name = Debug;
		};
		2B9AC7492AD6DE120084F1AB /* Release */ = {
			isa = XCBuildConfiguration;
			buildSettings = {
				ALWAYS_SEARCH_USER_PATHS = NO;
				ASSETCATALOG_COMPILER_GENERATE_SWIFT_ASSET_SYMBOL_EXTENSIONS = YES;
				CLANG_ANALYZER_NONNULL = YES;
				CLANG_ANALYZER_NUMBER_OBJECT_CONVERSION = YES_AGGRESSIVE;
				CLANG_CXX_LANGUAGE_STANDARD = "gnu++20";
				CLANG_ENABLE_MODULES = YES;
				CLANG_ENABLE_OBJC_ARC = YES;
				CLANG_ENABLE_OBJC_WEAK = YES;
				CLANG_WARN_BLOCK_CAPTURE_AUTORELEASING = YES;
				CLANG_WARN_BOOL_CONVERSION = YES;
				CLANG_WARN_COMMA = YES;
				CLANG_WARN_CONSTANT_CONVERSION = YES;
				CLANG_WARN_DEPRECATED_OBJC_IMPLEMENTATIONS = YES;
				CLANG_WARN_DIRECT_OBJC_ISA_USAGE = YES_ERROR;
				CLANG_WARN_DOCUMENTATION_COMMENTS = YES;
				CLANG_WARN_EMPTY_BODY = YES;
				CLANG_WARN_ENUM_CONVERSION = YES;
				CLANG_WARN_INFINITE_RECURSION = YES;
				CLANG_WARN_INT_CONVERSION = YES;
				CLANG_WARN_NON_LITERAL_NULL_CONVERSION = YES;
				CLANG_WARN_OBJC_IMPLICIT_RETAIN_SELF = YES;
				CLANG_WARN_OBJC_LITERAL_CONVERSION = YES;
				CLANG_WARN_OBJC_ROOT_CLASS = YES_ERROR;
				CLANG_WARN_QUOTED_INCLUDE_IN_FRAMEWORK_HEADER = YES;
				CLANG_WARN_RANGE_LOOP_ANALYSIS = YES;
				CLANG_WARN_STRICT_PROTOTYPES = YES;
				CLANG_WARN_SUSPICIOUS_MOVE = YES;
				CLANG_WARN_UNGUARDED_AVAILABILITY = YES_AGGRESSIVE;
				CLANG_WARN_UNREACHABLE_CODE = YES;
				CLANG_WARN__DUPLICATE_METHOD_MATCH = YES;
				COPY_PHASE_STRIP = NO;
				DEBUG_INFORMATION_FORMAT = "dwarf-with-dsym";
				ENABLE_NS_ASSERTIONS = NO;
				ENABLE_STRICT_OBJC_MSGSEND = YES;
				ENABLE_USER_SCRIPT_SANDBOXING = YES;
				GCC_C_LANGUAGE_STANDARD = gnu17;
				GCC_NO_COMMON_BLOCKS = YES;
				GCC_WARN_64_TO_32_BIT_CONVERSION = YES;
				GCC_WARN_ABOUT_RETURN_TYPE = YES_ERROR;
				GCC_WARN_UNDECLARED_SELECTOR = YES;
				GCC_WARN_UNINITIALIZED_AUTOS = YES_AGGRESSIVE;
				GCC_WARN_UNUSED_FUNCTION = YES;
				GCC_WARN_UNUSED_VARIABLE = YES;
				IPHONEOS_DEPLOYMENT_TARGET = 17.0;
				LOCALIZATION_PREFERS_STRING_CATALOGS = YES;
				MTL_ENABLE_DEBUG_INFO = NO;
				MTL_FAST_MATH = YES;
				SDKROOT = iphoneos;
				SWIFT_COMPILATION_MODE = wholemodule;
				VALIDATE_PRODUCT = YES;
			};
			name = Release;
		};
		2B9AC74B2AD6DE120084F1AB /* Debug */ = {
			isa = XCBuildConfiguration;
			buildSettings = {
				ASSETCATALOG_COMPILER_APPICON_NAME = AppIcon;
				ASSETCATALOG_COMPILER_GLOBAL_ACCENT_COLOR_NAME = AccentColor;
				CODE_SIGN_STYLE = Automatic;
				CURRENT_PROJECT_VERSION = 1;
				DEVELOPMENT_ASSET_PATHS = "\"VolleyStats/Preview Content\"";
				DEVELOPMENT_TEAM = KB7MXFML57;
				ENABLE_PREVIEWS = YES;
				GENERATE_INFOPLIST_FILE = YES;
				INFOPLIST_KEY_NSCameraUsageDescription = "VolleyStats needs access to the camera for analyzing a volleyball match";
				INFOPLIST_KEY_UIApplicationSceneManifest_Generation = YES;
				INFOPLIST_KEY_UIApplicationSupportsIndirectInputEvents = YES;
				INFOPLIST_KEY_UILaunchScreen_Generation = YES;
				INFOPLIST_KEY_UISupportedInterfaceOrientations_iPad = "UIInterfaceOrientationPortrait UIInterfaceOrientationPortraitUpsideDown UIInterfaceOrientationLandscapeLeft UIInterfaceOrientationLandscapeRight";
				INFOPLIST_KEY_UISupportedInterfaceOrientations_iPhone = "UIInterfaceOrientationPortrait UIInterfaceOrientationLandscapeLeft UIInterfaceOrientationLandscapeRight";
				LD_RUNPATH_SEARCH_PATHS = (
					"$(inherited)",
					"@executable_path/Frameworks",
				);
				MARKETING_VERSION = 1.0;
				PRODUCT_BUNDLE_IDENTIFIER = com.pieterbikkel.VolleyStats;
				PRODUCT_NAME = "$(TARGET_NAME)";
				SWIFT_EMIT_LOC_STRINGS = YES;
				SWIFT_VERSION = 5.0;
				TARGETED_DEVICE_FAMILY = "1,2";
			};
			name = Debug;
		};
		2B9AC74C2AD6DE120084F1AB /* Release */ = {
			isa = XCBuildConfiguration;
			buildSettings = {
				ASSETCATALOG_COMPILER_APPICON_NAME = AppIcon;
				ASSETCATALOG_COMPILER_GLOBAL_ACCENT_COLOR_NAME = AccentColor;
				CODE_SIGN_STYLE = Automatic;
				CURRENT_PROJECT_VERSION = 1;
				DEVELOPMENT_ASSET_PATHS = "\"VolleyStats/Preview Content\"";
				DEVELOPMENT_TEAM = KB7MXFML57;
				ENABLE_PREVIEWS = YES;
				GENERATE_INFOPLIST_FILE = YES;
				INFOPLIST_KEY_NSCameraUsageDescription = "VolleyStats needs access to the camera for analyzing a volleyball match";
				INFOPLIST_KEY_UIApplicationSceneManifest_Generation = YES;
				INFOPLIST_KEY_UIApplicationSupportsIndirectInputEvents = YES;
				INFOPLIST_KEY_UILaunchScreen_Generation = YES;
				INFOPLIST_KEY_UISupportedInterfaceOrientations_iPad = "UIInterfaceOrientationPortrait UIInterfaceOrientationPortraitUpsideDown UIInterfaceOrientationLandscapeLeft UIInterfaceOrientationLandscapeRight";
				INFOPLIST_KEY_UISupportedInterfaceOrientations_iPhone = "UIInterfaceOrientationPortrait UIInterfaceOrientationLandscapeLeft UIInterfaceOrientationLandscapeRight";
				LD_RUNPATH_SEARCH_PATHS = (
					"$(inherited)",
					"@executable_path/Frameworks",
				);
				MARKETING_VERSION = 1.0;
				PRODUCT_BUNDLE_IDENTIFIER = com.pieterbikkel.VolleyStats;
				PRODUCT_NAME = "$(TARGET_NAME)";
				SWIFT_EMIT_LOC_STRINGS = YES;
				SWIFT_VERSION = 5.0;
				TARGETED_DEVICE_FAMILY = "1,2";
			};
			name = Release;
		};
/* End XCBuildConfiguration section */

/* Begin XCConfigurationList section */
		2B9AC7372AD6DE110084F1AB /* Build configuration list for PBXProject "VolleyStats" */ = {
			isa = XCConfigurationList;
			buildConfigurations = (
				2B9AC7482AD6DE120084F1AB /* Debug */,
				2B9AC7492AD6DE120084F1AB /* Release */,
			);
			defaultConfigurationIsVisible = 0;
			defaultConfigurationName = Release;
		};
		2B9AC74A2AD6DE120084F1AB /* Build configuration list for PBXNativeTarget "VolleyStats" */ = {
			isa = XCConfigurationList;
			buildConfigurations = (
				2B9AC74B2AD6DE120084F1AB /* Debug */,
				2B9AC74C2AD6DE120084F1AB /* Release */,
			);
			defaultConfigurationIsVisible = 0;
			defaultConfigurationName = Release;
		};
/* End XCConfigurationList section */
	};
	rootObject = 2B9AC7342AD6DE110084F1AB /* Project object */;
}
